
Microsoft Visual Studio Solution File, Format Version 12.00
# Visual Studio Version 17
VisualStudioVersion = 17.8.34330.188
MinimumVisualStudioVersion = 10.0.40219.1
Project("{FAE04EC0-301F-11D3-BF4B-00C04F79EFBC}") = "DesignPatterns", "DesignPatterns\DesignPatterns.csproj", "{6288552A-F8DD-4DD7-8046-3D5FBC86B52C}"
EndProject
Project("{FAE04EC0-301F-11D3-BF4B-00C04F79EFBC}") = "DesignPatterns.Library", "DesignPatterns.Library\DesignPatterns.Library.csproj", "{FD263713-B371-447C-8C2C-B3D23F963323}"
EndProject
Global
	GlobalSection(SolutionConfigurationPlatforms) = preSolution
		Debug|Any CPU = Debug|Any CPU
		Release|Any CPU = Release|Any CPU
	EndGlobalSection
	GlobalSection(ProjectConfigurationPlatforms) = postSolution
		{6288552A-F8DD-4DD7-8046-3D5FBC86B52C}.Debug|Any CPU.ActiveCfg = Debug|Any CPU
		{6288552A-F8DD-4DD7-8046-3D5FBC86B52C}.Debug|Any CPU.Build.0 = Debug|Any CPU
		{6288552A-F8DD-4DD7-8046-3D5FBC86B52C}.Release|Any CPU.ActiveCfg = Release|Any CPU
		{6288552A-F8DD-4DD7-8046-3D5FBC86B52C}.Release|Any CPU.Build.0 = Release|Any CPU
		{FD263713-B371-447C-8C2C-B3D23F963323}.Debug|Any CPU.ActiveCfg = Debug|Any CPU
		{FD263713-B371-447C-8C2C-B3D23F963323}.Debug|Any CPU.Build.0 = Debug|Any CPU
		{FD263713-B371-447C-8C2C-B3D23F963323}.Release|Any CPU.ActiveCfg = Release|Any CPU
		{FD263713-B371-447C-8C2C-B3D23F963323}.Release|Any CPU.Build.0 = Release|Any CPU
	EndGlobalSection
	GlobalSection(SolutionProperties) = preSolution
		HideSolutionNode = FALSE
	EndGlobalSection
	GlobalSection(ExtensibilityGlobals) = postSolution
		SolutionGuid = {DB8AB5FD-882B-4E85-AAD7-879C5D71967C}
	EndGlobalSection
EndGlobal
