
Microsoft Visual Studio Solution File, Format Version 12.00
# Visual Studio Version 17
VisualStudioVersion = 17.9.34622.214
MinimumVisualStudioVersion = 10.0.40219.1
Project("{FAE04EC0-301F-11D3-BF4B-00C04F79EFBC}") = "Element2ElementBinding", "Element2ElementBinding\Element2ElementBinding.csproj", "{B70B6A5C-8BC8-4A71-A9A3-2DECB545F548}"
EndProject
Project("{FAE04EC0-301F-11D3-BF4B-00C04F79EFBC}") = "RelativeSourceBinding", "RelativeSourceBinding\RelativeSourceBinding.csproj", "{4BD3BA1C-4701-4546-9ECA-C9B4C69E8C5D}"
EndProject
Project("{FAE04EC0-301F-11D3-BF4B-00C04F79EFBC}") = "DataContextBinding", "DataContextBinding\DataContextBinding.csproj", "{40C6E473-D148-4371-BCFB-8D73298BEB4C}"
EndProject
Project("{FAE04EC0-301F-11D3-BF4B-00C04F79EFBC}") = "MVVMPattern", "MVVMPattern\MVVMPattern.csproj", "{C0EBDB36-D059-4072-8011-F203F44E9CCA}"
EndProject
Global
	GlobalSection(SolutionConfigurationPlatforms) = preSolution
		Debug|Any CPU = Debug|Any CPU
		Release|Any CPU = Release|Any CPU
	EndGlobalSection
	GlobalSection(ProjectConfigurationPlatforms) = postSolution
		{B70B6A5C-8BC8-4A71-A9A3-2DECB545F548}.Debug|Any CPU.ActiveCfg = Debug|Any CPU
		{B70B6A5C-8BC8-4A71-A9A3-2DECB545F548}.Debug|Any CPU.Build.0 = Debug|Any CPU
		{B70B6A5C-8BC8-4A71-A9A3-2DECB545F548}.Release|Any CPU.ActiveCfg = Release|Any CPU
		{B70B6A5C-8BC8-4A71-A9A3-2DECB545F548}.Release|Any CPU.Build.0 = Release|Any CPU
		{4BD3BA1C-4701-4546-9ECA-C9B4C69E8C5D}.Debug|Any CPU.ActiveCfg = Debug|Any CPU
		{4BD3BA1C-4701-4546-9ECA-C9B4C69E8C5D}.Debug|Any CPU.Build.0 = Debug|Any CPU
		{4BD3BA1C-4701-4546-9ECA-C9B4C69E8C5D}.Release|Any CPU.ActiveCfg = Release|Any CPU
		{4BD3BA1C-4701-4546-9ECA-C9B4C69E8C5D}.Release|Any CPU.Build.0 = Release|Any CPU
		{40C6E473-D148-4371-BCFB-8D73298BEB4C}.Debug|Any CPU.ActiveCfg = Debug|Any CPU
		{40C6E473-D148-4371-BCFB-8D73298BEB4C}.Debug|Any CPU.Build.0 = Debug|Any CPU
		{40C6E473-D148-4371-BCFB-8D73298BEB4C}.Release|Any CPU.ActiveCfg = Release|Any CPU
		{40C6E473-D148-4371-BCFB-8D73298BEB4C}.Release|Any CPU.Build.0 = Release|Any CPU
		{C0EBDB36-D059-4072-8011-F203F44E9CCA}.Debug|Any CPU.ActiveCfg = Debug|Any CPU
		{C0EBDB36-D059-4072-8011-F203F44E9CCA}.Debug|Any CPU.Build.0 = Debug|Any CPU
		{C0EBDB36-D059-4072-8011-F203F44E9CCA}.Release|Any CPU.ActiveCfg = Release|Any CPU
		{C0EBDB36-D059-4072-8011-F203F44E9CCA}.Release|Any CPU.Build.0 = Release|Any CPU
	EndGlobalSection
	GlobalSection(SolutionProperties) = preSolution
		HideSolutionNode = FALSE
	EndGlobalSection
	GlobalSection(ExtensibilityGlobals) = postSolution
		SolutionGuid = {8AE1AC77-0AA8-43FF-95E2-10CA37D9F6CE}
	EndGlobalSection
EndGlobal
