
Microsoft Visual Studio Solution File, Format Version 12.00
# Visual Studio Version 17
VisualStudioVersion = 17.9.34622.214
MinimumVisualStudioVersion = 10.0.40219.1
Project("{FAE04EC0-301F-11D3-BF4B-00C04F79EFBC}") = "DatabindingSampleWPF", "DatabindingSampleWPF.csproj", "{55CB5173-3A2D-41A9-B671-73C846AC52B1}"
EndProject
Global
	GlobalSection(SolutionConfigurationPlatforms) = preSolution
		Debug|Any CPU = Debug|Any CPU
		Release|Any CPU = Release|Any CPU
	EndGlobalSection
	GlobalSection(ProjectConfigurationPlatforms) = postSolution
		{55CB5173-3A2D-41A9-B671-73C846AC52B1}.Debug|Any CPU.ActiveCfg = Debug|Any CPU
		{55CB5173-3A2D-41A9-B671-73C846AC52B1}.Debug|Any CPU.Build.0 = Debug|Any CPU
		{55CB5173-3A2D-41A9-B671-73C846AC52B1}.Release|Any CPU.ActiveCfg = Release|Any CPU
		{55CB5173-3A2D-41A9-B671-73C846AC52B1}.Release|Any CPU.Build.0 = Release|Any CPU
	EndGlobalSection
	GlobalSection(SolutionProperties) = preSolution
		HideSolutionNode = FALSE
	EndGlobalSection
	GlobalSection(ExtensibilityGlobals) = postSolution
		SolutionGuid = {4FF92B09-A259-4CF3-B7C3-DE68F6B1712A}
	EndGlobalSection
EndGlobal
